// !$*UTF8*$!
{
	archiveVersion = 1;
	classes = {
	};
	objectVersion = 48;
	objects = {

/* Begin PBXBuildFile section */
		240AB74C1FCFB5940096BA07 /* AppDelegate.swift in Sources */ = {isa = PBXBuildFile; fileRef = 240AB74B1FCFB5940096BA07 /* AppDelegate.swift */; };
		240AB74E1FCFB5940096BA07 /* ViewController.swift in Sources */ = {isa = PBXBuildFile; fileRef = 240AB74D1FCFB5940096BA07 /* ViewController.swift */; };
		240AB7511FCFB5940096BA07 /* Main.storyboard in Resources */ = {isa = PBXBuildFile; fileRef = 240AB74F1FCFB5940096BA07 /* Main.storyboard */; };
		240AB7541FCFB5940096BA07 /* photolog.xcdatamodeld in Sources */ = {isa = PBXBuildFile; fileRef = 240AB7521FCFB5940096BA07 /* photolog.xcdatamodeld */; };
		240AB7561FCFB5940096BA07 /* Assets.xcassets in Resources */ = {isa = PBXBuildFile; fileRef = 240AB7551FCFB5940096BA07 /* Assets.xcassets */; };
		240AB7611FCFBF920096BA07 /* Screen Shot 2017-11-23 at 12.33.59 AM.png in Resources */ = {isa = PBXBuildFile; fileRef = 240AB7601FCFBF920096BA07 /* Screen Shot 2017-11-23 at 12.33.59 AM.png */; };
		240B8B6A1FCFCA3C0092EF58 /* addViewController.swift in Sources */ = {isa = PBXBuildFile; fileRef = 240B8B691FCFCA3C0092EF58 /* addViewController.swift */; };
/* End PBXBuildFile section */

/* Begin PBXFileReference section */
		240AB7481FCFB5940096BA07 /* photolog.app */ = {isa = PBXFileReference; explicitFileType = wrapper.application; includeInIndex = 0; path = photolog.app; sourceTree = BUILT_PRODUCTS_DIR; };
		240AB74B1FCFB5940096BA07 /* AppDelegate.swift */ = {isa = PBXFileReference; lastKnownFileType = sourcecode.swift; path = AppDelegate.swift; sourceTree = "<group>"; };
		240AB74D1FCFB5940096BA07 /* ViewController.swift */ = {isa = PBXFileReference; lastKnownFileType = sourcecode.swift; path = ViewController.swift; sourceTree = "<group>"; };
		240AB7501FCFB5940096BA07 /* Base */ = {isa = PBXFileReference; lastKnownFileType = file.storyboard; name = Base; path = Base.lproj/Main.storyboard; sourceTree = "<group>"; };
		240AB7531FCFB5940096BA07 /* photolog.xcdatamodel */ = {isa = PBXFileReference; lastKnownFileType = wrapper.xcdatamodel; path = photolog.xcdatamodel; sourceTree = "<group>"; };
		240AB7551FCFB5940096BA07 /* Assets.xcassets */ = {isa = PBXFileReference; lastKnownFileType = folder.assetcatalog; path = Assets.xcassets; sourceTree = "<group>"; };
		240AB75A1FCFB5940096BA07 /* Info.plist */ = {isa = PBXFileReference; lastKnownFileType = text.plist.xml; path = Info.plist; sourceTree = "<group>"; };
		240AB7601FCFBF920096BA07 /* Screen Shot 2017-11-23 at 12.33.59 AM.png */ = {isa = PBXFileReference; lastKnownFileType = image.png; path = "Screen Shot 2017-11-23 at 12.33.59 AM.png"; sourceTree = "<group>"; };
		240B8B691FCFCA3C0092EF58 /* addViewController.swift */ = {isa = PBXFileReference; lastKnownFileType = sourcecode.swift; path = addViewController.swift; sourceTree = "<group>"; };
/* End PBXFileReference section */

/* Begin PBXFrameworksBuildPhase section */
		240AB7451FCFB5940096BA07 /* Frameworks */ = {
			isa = PBXFrameworksBuildPhase;
			buildActionMask = 2147483647;
			files = (
			);
			runOnlyForDeploymentPostprocessing = 0;
		};
/* End PBXFrameworksBuildPhase section */

/* Begin PBXGroup section */
		240AB73F1FCFB5940096BA07 = {
			isa = PBXGroup;
			children = (
				240AB74A1FCFB5940096BA07 /* photolog */,
				240AB7491FCFB5940096BA07 /* Products */,
			);
			sourceTree = "<group>";
		};
		240AB7491FCFB5940096BA07 /* Products */ = {
			isa = PBXGroup;
			children = (
				240AB7481FCFB5940096BA07 /* photolog.app */,
			);
			name = Products;
			sourceTree = "<group>";
		};
		240AB74A1FCFB5940096BA07 /* photolog */ = {
			isa = PBXGroup;
			children = (
				240AB74B1FCFB5940096BA07 /* AppDelegate.swift */,
				240AB74D1FCFB5940096BA07 /* ViewController.swift */,
				240B8B691FCFCA3C0092EF58 /* addViewController.swift */,
				240AB74F1FCFB5940096BA07 /* Main.storyboard */,
				240AB7601FCFBF920096BA07 /* Screen Shot 2017-11-23 at 12.33.59 AM.png */,
				240AB7551FCFB5940096BA07 /* Assets.xcassets */,
				240AB75A1FCFB5940096BA07 /* Info.plist */,
				240AB7521FCFB5940096BA07 /* photolog.xcdatamodeld */,
			);
			path = photolog;
			sourceTree = "<group>";
		};
/* End PBXGroup section */

/* Begin PBXNativeTarget section */
		240AB7471FCFB5940096BA07 /* photolog */ = {
			isa = PBXNativeTarget;
			buildConfigurationList = 240AB75D1FCFB5940096BA07 /* Build configuration list for PBXNativeTarget "photolog" */;
			buildPhases = (
				240AB7441FCFB5940096BA07 /* Sources */,
				240AB7451FCFB5940096BA07 /* Frameworks */,
				240AB7461FCFB5940096BA07 /* Resources */,
			);
			buildRules = (
			);
			dependencies = (
			);
			name = photolog;
			productName = photolog;
			productReference = 240AB7481FCFB5940096BA07 /* photolog.app */;
			productType = "com.apple.product-type.application";
		};
/* End PBXNativeTarget section */

/* Begin PBXProject section */
		240AB7401FCFB5940096BA07 /* Project object */ = {
			isa = PBXProject;
			attributes = {
				LastSwiftUpdateCheck = 0910;
				LastUpgradeCheck = 0910;
				ORGANIZATIONNAME = "Ganesh Prabu";
				TargetAttributes = {
					240AB7471FCFB5940096BA07 = {
						CreatedOnToolsVersion = 9.1;
						ProvisioningStyle = Automatic;
					};
				};
			};
			buildConfigurationList = 240AB7431FCFB5940096BA07 /* Build configuration list for PBXProject "photolog" */;
			compatibilityVersion = "Xcode 8.0";
			developmentRegion = en;
			hasScannedForEncodings = 0;
			knownRegions = (
				en,
				Base,
			);
			mainGroup = 240AB73F1FCFB5940096BA07;
			productRefGroup = 240AB7491FCFB5940096BA07 /* Products */;
			projectDirPath = "";
			projectRoot = "";
			targets = (
				240AB7471FCFB5940096BA07 /* photolog */,
			);
		};
/* End PBXProject section */

/* Begin PBXResourcesBuildPhase section */
		240AB7461FCFB5940096BA07 /* Resources */ = {
			isa = PBXResourcesBuildPhase;
			buildActionMask = 2147483647;
			files = (
				240AB7561FCFB5940096BA07 /* Assets.xcassets in Resources */,
				240AB7611FCFBF920096BA07 /* Screen Shot 2017-11-23 at 12.33.59 AM.png in Resources */,
				240AB7511FCFB5940096BA07 /* Main.storyboard in Resources */,
			);
			runOnlyForDeploymentPostprocessing = 0;
		};
/* End PBXResourcesBuildPhase section */

/* Begin PBXSourcesBuildPhase section */
		240AB7441FCFB5940096BA07 /* Sources */ = {
			isa = PBXSourcesBuildPhase;
			buildActionMask = 2147483647;
			files = (
				240AB74E1FCFB5940096BA07 /* ViewController.swift in Sources */,
				240AB7541FCFB5940096BA07 /* photolog.xcdatamodeld in Sources */,
				240B8B6A1FCFCA3C0092EF58 /* addViewController.swift in Sources */,
				240AB74C1FCFB5940096BA07 /* AppDelegate.swift in Sources */,
			);
			runOnlyForDeploymentPostprocessing = 0;
		};
/* End PBXSourcesBuildPhase section */

/* Begin PBXVariantGroup section */
		240AB74F1FCFB5940096BA07 /* Main.storyboard */ = {
			isa = PBXVariantGroup;
			children = (
				240AB7501FCFB5940096BA07 /* Base */,
			);
			name = Main.storyboard;
			sourceTree = "<group>";
		};
/* End PBXVariantGroup section */

/* Begin XCBuildConfiguration section */
		240AB75B1FCFB5940096BA07 /* Debug */ = {
			isa = XCBuildConfiguration;
			buildSettings = {
				ALWAYS_SEARCH_USER_PATHS = NO;
				CLANG_ANALYZER_NONNULL = YES;
				CLANG_ANALYZER_NUMBER_OBJECT_CONVERSION = YES_AGGRESSIVE;
				CLANG_CXX_LANGUAGE_STANDARD = "gnu++14";
				CLANG_CXX_LIBRARY = "libc++";
				CLANG_ENABLE_MODULES = YES;
				CLANG_ENABLE_OBJC_ARC = YES;
				CLANG_WARN_BLOCK_CAPTURE_AUTORELEASING = YES;
				CLANG_WARN_BOOL_CONVERSION = YES;
				CLANG_WARN_COMMA = YES;
				CLANG_WARN_CONSTANT_CONVERSION = YES;
				CLANG_WARN_DIRECT_OBJC_ISA_USAGE = YES_ERROR;
				CLANG_WARN_DOCUMENTATION_COMMENTS = YES;
				CLANG_WARN_EMPTY_BODY = YES;
				CLANG_WARN_ENUM_CONVERSION = YES;
				CLANG_WARN_INFINITE_RECURSION = YES;
				CLANG_WARN_INT_CONVERSION = YES;
				CLANG_WARN_NON_LITERAL_NULL_CONVERSION = YES;
				CLANG_WARN_OBJC_LITERAL_CONVERSION = YES;
				CLANG_WARN_OBJC_ROOT_CLASS = YES_ERROR;
				CLANG_WARN_RANGE_LOOP_ANALYSIS = YES;
				CLANG_WARN_STRICT_PROTOTYPES = YES;
				CLANG_WARN_SUSPICIOUS_MOVE = YES;
				CLANG_WARN_UNGUARDED_AVAILABILITY = YES_AGGRESSIVE;
				CLANG_WARN_UNREACHABLE_CODE = YES;
				CLANG_WARN__DUPLICATE_METHOD_MATCH = YES;
				CODE_SIGN_IDENTITY = "iPhone Developer";
				COPY_PHASE_STRIP = NO;
				DEBUG_INFORMATION_FORMAT = dwarf;
				ENABLE_STRICT_OBJC_MSGSEND = YES;
				ENABLE_TESTABILITY = YES;
				GCC_C_LANGUAGE_STANDARD = gnu11;
				GCC_DYNAMIC_NO_PIC = NO;
				GCC_NO_COMMON_BLOCKS = YES;
				GCC_OPTIMIZATION_LEVEL = 0;
				GCC_PREPROCESSOR_DEFINITIONS = (
					"DEBUG=1",
					"$(inherited)",
				);
				GCC_WARN_64_TO_32_BIT_CONVERSION = YES;
				GCC_WARN_ABOUT_RETURN_TYPE = YES_ERROR;
				GCC_WARN_UNDECLARED_SELECTOR = YES;
				GCC_WARN_UNINITIALIZED_AUTOS = YES_AGGRESSIVE;
				GCC_WARN_UNUSED_FUNCTION = YES;
				GCC_WARN_UNUSED_VARIABLE = YES;
				IPHONEOS_DEPLOYMENT_TARGET = 11.1;
				MTL_ENABLE_DEBUG_INFO = YES;
				ONLY_ACTIVE_ARCH = YES;
				SDKROOT = iphoneos;
				SWIFT_ACTIVE_COMPILATION_CONDITIONS = DEBUG;
				SWIFT_OPTIMIZATION_LEVEL = "-Onone";
			};
			name = Debug;
		};
		240AB75C1FCFB5940096BA07 /* Release */ = {
			isa = XCBuildConfiguration;
			buildSettings = {
				ALWAYS_SEARCH_USER_PATHS = NO;
				CLANG_ANALYZER_NONNULL = YES;
				CLANG_ANALYZER_NUMBER_OBJECT_CONVERSION = YES_AGGRESSIVE;
				CLANG_CXX_LANGUAGE_STANDARD = "gnu++14";
				CLANG_CXX_LIBRARY = "libc++";
				CLANG_ENABLE_MODULES = YES;
				CLANG_ENABLE_OBJC_ARC = YES;
				CLANG_WARN_BLOCK_CAPTURE_AUTORELEASING = YES;
				CLANG_WARN_BOOL_CONVERSION = YES;
				CLANG_WARN_COMMA = YES;
				CLANG_WARN_CONSTANT_CONVERSION = YES;
				CLANG_WARN_DIRECT_OBJC_ISA_USAGE = YES_ERROR;
				CLANG_WARN_DOCUMENTATION_COMMENTS = YES;
				CLANG_WARN_EMPTY_BODY = YES;
				CLANG_WARN_ENUM_CONVERSION = YES;
				CLANG_WARN_INFINITE_RECURSION = YES;
				CLANG_WARN_INT_CONVERSION = YES;
				CLANG_WARN_NON_LITERAL_NULL_CONVERSION = YES;
				CLANG_WARN_OBJC_LITERAL_CONVERSION = YES;
				CLANG_WARN_OBJC_ROOT_CLASS = YES_ERROR;
				CLANG_WARN_RANGE_LOOP_ANALYSIS = YES;
				CLANG_WARN_STRICT_PROTOTYPES = YES;
				CLANG_WARN_SUSPICIOUS_MOVE = YES;
				CLANG_WARN_UNGUARDED_AVAILABILITY = YES_AGGRESSIVE;
				CLANG_WARN_UNREACHABLE_CODE = YES;
				CLANG_WARN__DUPLICATE_METHOD_MATCH = YES;
				CODE_SIGN_IDENTITY = "iPhone Developer";
				COPY_PHASE_STRIP = NO;
				DEBUG_INFORMATION_FORMAT = "dwarf-with-dsym";
				ENABLE_NS_ASSERTIONS = NO;
				ENABLE_STRICT_OBJC_MSGSEND = YES;
				GCC_C_LANGUAGE_STANDARD = gnu11;
				GCC_NO_COMMON_BLOCKS = YES;
				GCC_WARN_64_TO_32_BIT_CONVERSION = YES;
				GCC_WARN_ABOUT_RETURN_TYPE = YES_ERROR;
				GCC_WARN_UNDECLARED_SELECTOR = YES;
				GCC_WARN_UNINITIALIZED_AUTOS = YES_AGGRESSIVE;
				GCC_WARN_UNUSED_FUNCTION = YES;
				GCC_WARN_UNUSED_VARIABLE = YES;
				IPHONEOS_DEPLOYMENT_TARGET = 11.1;
				MTL_ENABLE_DEBUG_INFO = NO;
				SDKROOT = iphoneos;
				SWIFT_OPTIMIZATION_LEVEL = "-Owholemodule";
				VALIDATE_PRODUCT = YES;
			};
			name = Release;
		};
		240AB75E1FCFB5940096BA07 /* Debug */ = {
			isa = XCBuildConfiguration;
			buildSettings = {
				ASSETCATALOG_COMPILER_APPICON_NAME = AppIcon;
				CODE_SIGN_STYLE = Automatic;
				DEVELOPMENT_TEAM = FT82G7L9Q8;
				INFOPLIST_FILE = photolog/Info.plist;
				LD_RUNPATH_SEARCH_PATHS = "$(inherited) @executable_path/Frameworks";
				PRODUCT_BUNDLE_IDENTIFIER = com.gpjai.photolog;
				PRODUCT_NAME = "$(TARGET_NAME)";
				SWIFT_VERSION = 4.0;
				TARGETED_DEVICE_FAMILY = "1,2";
			};
			name = Debug;
		};
		240AB75F1FCFB5940096BA07 /* Release */ = {
			isa = XCBuildConfiguration;
			buildSettings = {
				ASSETCATALOG_COMPILER_APPICON_NAME = AppIcon;
				CODE_SIGN_STYLE = Automatic;
				DEVELOPMENT_TEAM = FT82G7L9Q8;
				INFOPLIST_FILE = photolog/Info.plist;
				LD_RUNPATH_SEARCH_PATHS = "$(inherited) @executable_path/Frameworks";
				PRODUCT_BUNDLE_IDENTIFIER = com.gpjai.photolog;
				PRODUCT_NAME = "$(TARGET_NAME)";
				SWIFT_VERSION = 4.0;
				TARGETED_DEVICE_FAMILY = "1,2";
			};
			name = Release;
		};
/* End XCBuildConfiguration section */

/* Begin XCConfigurationList section */
		240AB7431FCFB5940096BA07 /* Build configuration list for PBXProject "photolog" */ = {
			isa = XCConfigurationList;
			buildConfigurations = (
				240AB75B1FCFB5940096BA07 /* Debug */,
				240AB75C1FCFB5940096BA07 /* Release */,
			);
			defaultConfigurationIsVisible = 0;
			defaultConfigurationName = Release;
		};
		240AB75D1FCFB5940096BA07 /* Build configuration list for PBXNativeTarget "photolog" */ = {
			isa = XCConfigurationList;
			buildConfigurations = (
				240AB75E1FCFB5940096BA07 /* Debug */,
				240AB75F1FCFB5940096BA07 /* Release */,
			);
			defaultConfigurationIsVisible = 0;
			defaultConfigurationName = Release;
		};
/* End XCConfigurationList section */

/* Begin XCVersionGroup section */
		240AB7521FCFB5940096BA07 /* photolog.xcdatamodeld */ = {
			isa = XCVersionGroup;
			children = (
				240AB7531FCFB5940096BA07 /* photolog.xcdatamodel */,
			);
			currentVersion = 240AB7531FCFB5940096BA07 /* photolog.xcdatamodel */;
			path = photolog.xcdatamodeld;
			sourceTree = "<group>";
			versionGroupType = wrapper.xcdatamodel;
		};
/* End XCVersionGroup section */
	};
	rootObject = 240AB7401FCFB5940096BA07 /* Project object */;
}
